// !$*UTF8*$!
{
	archiveVersion = 1;
	classes = {
	};
	objectVersion = 46;
	objects = {

/* Begin PBXBuildFile section */
		445A52771995897B00491393 /* NDistinct.cpp in Sources */ = {isa = PBXBuildFile; fileRef = 445A52751995897B00491393 /* NDistinct.cpp */; };
		445A527A19958AEC00491393 /* RainWater.cpp in Sources */ = {isa = PBXBuildFile; fileRef = 445A527819958AEC00491393 /* RainWater.cpp */; };
		44722F7319ACFBF7000ADA4D /* PrintDiag.cpp in Sources */ = {isa = PBXBuildFile; fileRef = 44722F7119ACFBF7000ADA4D /* PrintDiag.cpp */; };
		44722F7619AD2EDB000ADA4D /* Parenthesis.cpp in Sources */ = {isa = PBXBuildFile; fileRef = 44722F7419AD2EDB000ADA4D /* Parenthesis.cpp */; };
		448E4B9D1995885B001C72CE /* main.cpp in Sources */ = {isa = PBXBuildFile; fileRef = 448E4B9C1995885B001C72CE /* main.cpp */; };
		44B0290919B6675E003DFA84 /* Pegs.cpp in Sources */ = {isa = PBXBuildFile; fileRef = 44B0290719B6675E003DFA84 /* Pegs.cpp */; };
		44B0290C19BE1745003DFA84 /* MergeBST.cpp in Sources */ = {isa = PBXBuildFile; fileRef = 44B0290A19BE1745003DFA84 /* MergeBST.cpp */; };
		44B25EAD19BE4FB000554C90 /* Coins.cpp in Sources */ = {isa = PBXBuildFile; fileRef = 44B25EAB19BE4FB000554C90 /* Coins.cpp */; };
		44B25EB019BE70BB00554C90 /* LargestBST.cpp in Sources */ = {isa = PBXBuildFile; fileRef = 44B25EAE19BE70BB00554C90 /* LargestBST.cpp */; };
		44B4A1BB19B12F0900910A4C /* triplets.cpp in Sources */ = {isa = PBXBuildFile; fileRef = 44B4A1B919B12F0900910A4C /* triplets.cpp */; };
/* End PBXBuildFile section */

/* Begin PBXCopyFilesBuildPhase section */
		448E4B971995885B001C72CE /* CopyFiles */ = {
			isa = PBXCopyFilesBuildPhase;
			buildActionMask = 2147483647;
			dstPath = /usr/share/man/man1/;
			dstSubfolderSpec = 0;
			files = (
			);
			runOnlyForDeploymentPostprocessing = 1;
		};
/* End PBXCopyFilesBuildPhase section */

/* Begin PBXFileReference section */
		445A52751995897B00491393 /* NDistinct.cpp */ = {isa = PBXFileReference; fileEncoding = 4; lastKnownFileType = sourcecode.cpp.cpp; path = NDistinct.cpp; sourceTree = "<group>"; };
		445A52761995897B00491393 /* NDistinct.h */ = {isa = PBXFileReference; fileEncoding = 4; lastKnownFileType = sourcecode.c.h; path = NDistinct.h; sourceTree = "<group>"; };
		445A527819958AEC00491393 /* RainWater.cpp */ = {isa = PBXFileReference; fileEncoding = 4; lastKnownFileType = sourcecode.cpp.cpp; path = RainWater.cpp; sourceTree = "<group>"; };
		445A527919958AEC00491393 /* RainWater.h */ = {isa = PBXFileReference; fileEncoding = 4; lastKnownFileType = sourcecode.c.h; path = RainWater.h; sourceTree = "<group>"; };
		44722F7119ACFBF7000ADA4D /* PrintDiag.cpp */ = {isa = PBXFileReference; fileEncoding = 4; lastKnownFileType = sourcecode.cpp.cpp; path = PrintDiag.cpp; sourceTree = "<group>"; };
		44722F7219ACFBF7000ADA4D /* PrintDiag.h */ = {isa = PBXFileReference; fileEncoding = 4; lastKnownFileType = sourcecode.c.h; path = PrintDiag.h; sourceTree = "<group>"; };
		44722F7419AD2EDB000ADA4D /* Parenthesis.cpp */ = {isa = PBXFileReference; fileEncoding = 4; lastKnownFileType = sourcecode.cpp.cpp; path = Parenthesis.cpp; sourceTree = "<group>"; };
		44722F7519AD2EDB000ADA4D /* Parenthesis.h */ = {isa = PBXFileReference; fileEncoding = 4; lastKnownFileType = sourcecode.c.h; path = Parenthesis.h; sourceTree = "<group>"; };
		448E4B991995885B001C72CE /* algorithms */ = {isa = PBXFileReference; explicitFileType = "compiled.mach-o.executable"; includeInIndex = 0; path = algorithms; sourceTree = BUILT_PRODUCTS_DIR; };
		448E4B9C1995885B001C72CE /* main.cpp */ = {isa = PBXFileReference; lastKnownFileType = sourcecode.cpp.cpp; path = main.cpp; sourceTree = "<group>"; };
		44B0290719B6675E003DFA84 /* Pegs.cpp */ = {isa = PBXFileReference; fileEncoding = 4; lastKnownFileType = sourcecode.cpp.cpp; path = Pegs.cpp; sourceTree = "<group>"; };
		44B0290819B6675E003DFA84 /* Pegs.h */ = {isa = PBXFileReference; fileEncoding = 4; lastKnownFileType = sourcecode.c.h; path = Pegs.h; sourceTree = "<group>"; };
		44B0290A19BE1745003DFA84 /* MergeBST.cpp */ = {isa = PBXFileReference; fileEncoding = 4; lastKnownFileType = sourcecode.cpp.cpp; path = MergeBST.cpp; sourceTree = "<group>"; };
		44B0290B19BE1745003DFA84 /* MergeBST.h */ = {isa = PBXFileReference; fileEncoding = 4; lastKnownFileType = sourcecode.c.h; path = MergeBST.h; sourceTree = "<group>"; };
		44B25EAB19BE4FB000554C90 /* Coins.cpp */ = {isa = PBXFileReference; fileEncoding = 4; lastKnownFileType = sourcecode.cpp.cpp; path = Coins.cpp; sourceTree = "<group>"; };
		44B25EAC19BE4FB000554C90 /* Coins.h */ = {isa = PBXFileReference; fileEncoding = 4; lastKnownFileType = sourcecode.c.h; path = Coins.h; sourceTree = "<group>"; };
		44B25EAE19BE70BB00554C90 /* LargestBST.cpp */ = {isa = PBXFileReference; fileEncoding = 4; lastKnownFileType = sourcecode.cpp.cpp; path = LargestBST.cpp; sourceTree = "<group>"; };
		44B25EAF19BE70BB00554C90 /* LargestBST.h */ = {isa = PBXFileReference; fileEncoding = 4; lastKnownFileType = sourcecode.c.h; path = LargestBST.h; sourceTree = "<group>"; };
		44B4A1B919B12F0900910A4C /* triplets.cpp */ = {isa = PBXFileReference; fileEncoding = 4; lastKnownFileType = sourcecode.cpp.cpp; name = triplets.cpp; path = ../triplets.cpp; sourceTree = "<group>"; };
		44B4A1BA19B12F0900910A4C /* triplets.h */ = {isa = PBXFileReference; fileEncoding = 4; lastKnownFileType = sourcecode.c.h; name = triplets.h; path = ../triplets.h; sourceTree = "<group>"; };
/* End PBXFileReference section */

/* Begin PBXFrameworksBuildPhase section */
		448E4B961995885B001C72CE /* Frameworks */ = {
			isa = PBXFrameworksBuildPhase;
			buildActionMask = 2147483647;
			files = (
			);
			runOnlyForDeploymentPostprocessing = 0;
		};
/* End PBXFrameworksBuildPhase section */

/* Begin PBXGroup section */
		448E4B901995885B001C72CE = {
			isa = PBXGroup;
			children = (
				448E4B9B1995885B001C72CE /* algorithms */,
				448E4B9A1995885B001C72CE /* Products */,
			);
			sourceTree = "<group>";
		};
		448E4B9A1995885B001C72CE /* Products */ = {
			isa = PBXGroup;
			children = (
				448E4B991995885B001C72CE /* algorithms */,
			);
			name = Products;
			sourceTree = "<group>";
		};
		448E4B9B1995885B001C72CE /* algorithms */ = {
			isa = PBXGroup;
			children = (
				44B4A1B919B12F0900910A4C /* triplets.cpp */,
				44B4A1BA19B12F0900910A4C /* triplets.h */,
				448E4B9C1995885B001C72CE /* main.cpp */,
				445A52751995897B00491393 /* NDistinct.cpp */,
				445A52761995897B00491393 /* NDistinct.h */,
				445A527819958AEC00491393 /* RainWater.cpp */,
				445A527919958AEC00491393 /* RainWater.h */,
				44722F7119ACFBF7000ADA4D /* PrintDiag.cpp */,
				44722F7219ACFBF7000ADA4D /* PrintDiag.h */,
				44722F7419AD2EDB000ADA4D /* Parenthesis.cpp */,
				44722F7519AD2EDB000ADA4D /* Parenthesis.h */,
				44B0290719B6675E003DFA84 /* Pegs.cpp */,
				44B0290819B6675E003DFA84 /* Pegs.h */,
				44B0290A19BE1745003DFA84 /* MergeBST.cpp */,
				44B0290B19BE1745003DFA84 /* MergeBST.h */,
				44B25EAB19BE4FB000554C90 /* Coins.cpp */,
				44B25EAC19BE4FB000554C90 /* Coins.h */,
				44B25EAE19BE70BB00554C90 /* LargestBST.cpp */,
				44B25EAF19BE70BB00554C90 /* LargestBST.h */,
			);
			path = algorithms;
			sourceTree = "<group>";
		};
/* End PBXGroup section */

/* Begin PBXNativeTarget section */
		448E4B981995885B001C72CE /* algorithms */ = {
			isa = PBXNativeTarget;
			buildConfigurationList = 448E4BA21995885B001C72CE /* Build configuration list for PBXNativeTarget "algorithms" */;
			buildPhases = (
				448E4B951995885B001C72CE /* Sources */,
				448E4B961995885B001C72CE /* Frameworks */,
				448E4B971995885B001C72CE /* CopyFiles */,
			);
			buildRules = (
			);
			dependencies = (
			);
			name = algorithms;
			productName = algorithms;
			productReference = 448E4B991995885B001C72CE /* algorithms */;
			productType = "com.apple.product-type.tool";
		};
/* End PBXNativeTarget section */

/* Begin PBXProject section */
		448E4B911995885B001C72CE /* Project object */ = {
			isa = PBXProject;
			attributes = {
				LastUpgradeCheck = 0510;
				ORGANIZATIONNAME = "WENTAO INC.";
			};
			buildConfigurationList = 448E4B941995885B001C72CE /* Build configuration list for PBXProject "algorithms" */;
			compatibilityVersion = "Xcode 3.2";
			developmentRegion = English;
			hasScannedForEncodings = 0;
			knownRegions = (
				en,
			);
			mainGroup = 448E4B901995885B001C72CE;
			productRefGroup = 448E4B9A1995885B001C72CE /* Products */;
			projectDirPath = "";
			projectRoot = "";
			targets = (
				448E4B981995885B001C72CE /* algorithms */,
			);
		};
/* End PBXProject section */

/* Begin PBXSourcesBuildPhase section */
		448E4B951995885B001C72CE /* Sources */ = {
			isa = PBXSourcesBuildPhase;
			buildActionMask = 2147483647;
			files = (
				44722F7319ACFBF7000ADA4D /* PrintDiag.cpp in Sources */,
				445A527A19958AEC00491393 /* RainWater.cpp in Sources */,
				44B4A1BB19B12F0900910A4C /* triplets.cpp in Sources */,
				445A52771995897B00491393 /* NDistinct.cpp in Sources */,
				448E4B9D1995885B001C72CE /* main.cpp in Sources */,
				44B0290919B6675E003DFA84 /* Pegs.cpp in Sources */,
				44B0290C19BE1745003DFA84 /* MergeBST.cpp in Sources */,
				44B25EAD19BE4FB000554C90 /* Coins.cpp in Sources */,
				44B25EB019BE70BB00554C90 /* LargestBST.cpp in Sources */,
				44722F7619AD2EDB000ADA4D /* Parenthesis.cpp in Sources */,
			);
			runOnlyForDeploymentPostprocessing = 0;
		};
/* End PBXSourcesBuildPhase section */

/* Begin XCBuildConfiguration section */
		448E4BA01995885B001C72CE /* Debug */ = {
			isa = XCBuildConfiguration;
			buildSettings = {
				ALWAYS_SEARCH_USER_PATHS = NO;
				CLANG_CXX_LANGUAGE_STANDARD = "gnu++0x";
				CLANG_CXX_LIBRARY = "libc++";
				CLANG_ENABLE_MODULES = YES;
				CLANG_ENABLE_OBJC_ARC = YES;
				CLANG_WARN_BOOL_CONVERSION = YES;
				CLANG_WARN_CONSTANT_CONVERSION = YES;
				CLANG_WARN_DIRECT_OBJC_ISA_USAGE = YES_ERROR;
				CLANG_WARN_EMPTY_BODY = YES;
				CLANG_WARN_ENUM_CONVERSION = YES;
				CLANG_WARN_INT_CONVERSION = YES;
				CLANG_WARN_OBJC_ROOT_CLASS = YES_ERROR;
				CLANG_WARN__DUPLICATE_METHOD_MATCH = YES;
				COPY_PHASE_STRIP = NO;
				GCC_C_LANGUAGE_STANDARD = gnu99;
				GCC_DYNAMIC_NO_PIC = NO;
				GCC_ENABLE_OBJC_EXCEPTIONS = YES;
				GCC_OPTIMIZATION_LEVEL = 0;
				GCC_PREPROCESSOR_DEFINITIONS = (
					"DEBUG=1",
					"$(inherited)",
				);
				GCC_SYMBOLS_PRIVATE_EXTERN = NO;
				GCC_WARN_64_TO_32_BIT_CONVERSION = YES;
				GCC_WARN_ABOUT_RETURN_TYPE = YES_ERROR;
				GCC_WARN_UNDECLARED_SELECTOR = YES;
				GCC_WARN_UNINITIALIZED_AUTOS = YES_AGGRESSIVE;
				GCC_WARN_UNUSED_FUNCTION = YES;
				GCC_WARN_UNUSED_VARIABLE = YES;
				MACOSX_DEPLOYMENT_TARGET = 10.9;
				ONLY_ACTIVE_ARCH = YES;
				SDKROOT = macosx;
			};
			name = Debug;
		};
		448E4BA11995885B001C72CE /* Release */ = {
			isa = XCBuildConfiguration;
			buildSettings = {
				ALWAYS_SEARCH_USER_PATHS = NO;
				CLANG_CXX_LANGUAGE_STANDARD = "gnu++0x";
				CLANG_CXX_LIBRARY = "libc++";
				CLANG_ENABLE_MODULES = YES;
				CLANG_ENABLE_OBJC_ARC = YES;
				CLANG_WARN_BOOL_CONVERSION = YES;
				CLANG_WARN_CONSTANT_CONVERSION = YES;
				CLANG_WARN_DIRECT_OBJC_ISA_USAGE = YES_ERROR;
				CLANG_WARN_EMPTY_BODY = YES;
				CLANG_WARN_ENUM_CONVERSION = YES;
				CLANG_WARN_INT_CONVERSION = YES;
				CLANG_WARN_OBJC_ROOT_CLASS = YES_ERROR;
				CLANG_WARN__DUPLICATE_METHOD_MATCH = YES;
				COPY_PHASE_STRIP = YES;
				DEBUG_INFORMATION_FORMAT = "dwarf-with-dsym";
				ENABLE_NS_ASSERTIONS = NO;
				GCC_C_LANGUAGE_STANDARD = gnu99;
				GCC_ENABLE_OBJC_EXCEPTIONS = YES;
				GCC_WARN_64_TO_32_BIT_CONVERSION = YES;
				GCC_WARN_ABOUT_RETURN_TYPE = YES_ERROR;
				GCC_WARN_UNDECLARED_SELECTOR = YES;
				GCC_WARN_UNINITIALIZED_AUTOS = YES_AGGRESSIVE;
				GCC_WARN_UNUSED_FUNCTION = YES;
				GCC_WARN_UNUSED_VARIABLE = YES;
				MACOSX_DEPLOYMENT_TARGET = 10.9;
				SDKROOT = macosx;
			};
			name = Release;
		};
		448E4BA31995885B001C72CE /* Debug */ = {
			isa = XCBuildConfiguration;
			buildSettings = {
				PRODUCT_NAME = "$(TARGET_NAME)";
			};
			name = Debug;
		};
		448E4BA41995885B001C72CE /* Release */ = {
			isa = XCBuildConfiguration;
			buildSettings = {
				PRODUCT_NAME = "$(TARGET_NAME)";
			};
			name = Release;
		};
/* End XCBuildConfiguration section */

/* Begin XCConfigurationList section */
		448E4B941995885B001C72CE /* Build configuration list for PBXProject "algorithms" */ = {
			isa = XCConfigurationList;
			buildConfigurations = (
				448E4BA01995885B001C72CE /* Debug */,
				448E4BA11995885B001C72CE /* Release */,
			);
			defaultConfigurationIsVisible = 0;
			defaultConfigurationName = Release;
		};
		448E4BA21995885B001C72CE /* Build configuration list for PBXNativeTarget "algorithms" */ = {
			isa = XCConfigurationList;
			buildConfigurations = (
				448E4BA31995885B001C72CE /* Debug */,
				448E4BA41995885B001C72CE /* Release */,
			);
			defaultConfigurationIsVisible = 0;
			defaultConfigurationName = Release;
		};
/* End XCConfigurationList section */
	};
	rootObject = 448E4B911995885B001C72CE /* Project object */;
}
