// !$*UTF8*$!
{
	archiveVersion = 1;
	classes = {
	};
	objectVersion = 46;
	objects = {

/* Begin PBXBuildFile section */
		445A52771995897B00491393 /* NDistinct.cpp in Sources */ = {isa = PBXBuildFile; fileRef = 445A52751995897B00491393 /* NDistinct.cpp */; };
		445A527A19958AEC00491393 /* RainWater.cpp in Sources */ = {isa = PBXBuildFile; fileRef = 445A527819958AEC00491393 /* RainWater.cpp */; };
		44722F7319ACFBF7000ADA4D /* PrintDiag.cpp in Sources */ = {isa = PBXBuildFile; fileRef = 44722F7119ACFBF7000ADA4D /* PrintDiag.cpp */; };
		44722F7619AD2EDB000ADA4D /* Parenthesis.cpp in Sources */ = {isa = PBXBuildFile; fileRef = 44722F7419AD2EDB000ADA4D /* Parenthesis.cpp */; };
		448E4B9D1995885B001C72CE /* main.cpp in Sources */ = {isa = PBXBuildFile; fileRef = 448E4B9C1995885B001C72CE /* main.cpp */; };
		44A99FAE19F9AFBE000314DA /* painters2.cpp in Sources */ = {isa = PBXBuildFile; fileRef = 44A99FAD19F9AFBE000314DA /* painters2.cpp */; };
		44A99FB01A0001EF000314DA /* MedianOf2.cpp in Sources */ = {isa = PBXBuildFile; fileRef = 44A99FAF1A0001EF000314DA /* MedianOf2.cpp */; };
		44AA003C1A118866004DEE20 /* LongestIncSeq.cpp in Sources */ = {isa = PBXBuildFile; fileRef = 44AA003B1A118866004DEE20 /* LongestIncSeq.cpp */; };
		44AA003E1A1192D1004DEE20 /* GameOfLife.cpp in Sources */ = {isa = PBXBuildFile; fileRef = 44AA003D1A1192D1004DEE20 /* GameOfLife.cpp */; };
		44AA00401A119B71004DEE20 /* triplets.cpp in Sources */ = {isa = PBXBuildFile; fileRef = 44AA003F1A119B71004DEE20 /* triplets.cpp */; };
		44AA00421A12966A004DEE20 /* MaxCommonSubString.cpp in Sources */ = {isa = PBXBuildFile; fileRef = 44AA00411A12966A004DEE20 /* MaxCommonSubString.cpp */; };
		44AA00441A12BD8D004DEE20 /* PathBetweenTwoWords.cpp in Sources */ = {isa = PBXBuildFile; fileRef = 44AA00431A12BD8D004DEE20 /* PathBetweenTwoWords.cpp */; };
		44AA00461A12EABB004DEE20 /* RangeOfDups.cpp in Sources */ = {isa = PBXBuildFile; fileRef = 44AA00451A12EABB004DEE20 /* RangeOfDups.cpp */; };
		44B0290919B6675E003DFA84 /* Pegs.cpp in Sources */ = {isa = PBXBuildFile; fileRef = 44B0290719B6675E003DFA84 /* Pegs.cpp */; };
		44B0290C19BE1745003DFA84 /* MergeBST.cpp in Sources */ = {isa = PBXBuildFile; fileRef = 44B0290A19BE1745003DFA84 /* MergeBST.cpp */; };
		44B25EAD19BE4FB000554C90 /* Coins.cpp in Sources */ = {isa = PBXBuildFile; fileRef = 44B25EAB19BE4FB000554C90 /* Coins.cpp */; };
		44B25EB019BE70BB00554C90 /* LargestBST.cpp in Sources */ = {isa = PBXBuildFile; fileRef = 44B25EAE19BE70BB00554C90 /* LargestBST.cpp */; };
		44CDEECF19C0B9F30091605A /* MaxGapIncr.cpp in Sources */ = {isa = PBXBuildFile; fileRef = 44CDEECD19C0B9F30091605A /* MaxGapIncr.cpp */; };
		44CDEED219C767CA0091605A /* Maze.cpp in Sources */ = {isa = PBXBuildFile; fileRef = 44CDEED019C767CA0091605A /* Maze.cpp */; };
		44CDEED519C7891A0091605A /* BiTreeEdges.cpp in Sources */ = {isa = PBXBuildFile; fileRef = 44CDEED319C7891A0091605A /* BiTreeEdges.cpp */; };
		44CDEED819CB989C0091605A /* CloneGraph.cpp in Sources */ = {isa = PBXBuildFile; fileRef = 44CDEED619CB989C0091605A /* CloneGraph.cpp */; };
		44D583F319CCDBF1005A6CFD /* test.cpp in Sources */ = {isa = PBXBuildFile; fileRef = 44D583F219CCDBF1005A6CFD /* test.cpp */; };
		44D583F519CCF856005A6CFD /* Painter.cpp in Sources */ = {isa = PBXBuildFile; fileRef = 44D583F419CCF856005A6CFD /* Painter.cpp */; };
		44D79AF41A01680B0001BF1B /* IsRepeated.cpp in Sources */ = {isa = PBXBuildFile; fileRef = 44D79AF31A01680B0001BF1B /* IsRepeated.cpp */; };
		44D79AF61A02C3BF0001BF1B /* NextBiggerNode.cpp in Sources */ = {isa = PBXBuildFile; fileRef = 44D79AF51A02C3BF0001BF1B /* NextBiggerNode.cpp */; };
		44D79AF81A040D980001BF1B /* SlideWinMax.cpp in Sources */ = {isa = PBXBuildFile; fileRef = 44D79AF71A040D980001BF1B /* SlideWinMax.cpp */; };
		44D79AFA1A05A9780001BF1B /* RotateArray.cpp in Sources */ = {isa = PBXBuildFile; fileRef = 44D79AF91A05A9780001BF1B /* RotateArray.cpp */; };
		44D79AFC1A06D5760001BF1B /* IntersectSortedArrays.cpp in Sources */ = {isa = PBXBuildFile; fileRef = 44D79AFB1A06D5760001BF1B /* IntersectSortedArrays.cpp */; };
		44D79AFE1A06FBF50001BF1B /* BiTreeNodeNext.cpp in Sources */ = {isa = PBXBuildFile; fileRef = 44D79AFD1A06FBF50001BF1B /* BiTreeNodeNext.cpp */; };
		44D79B001A0707170001BF1B /* CountWords.cpp in Sources */ = {isa = PBXBuildFile; fileRef = 44D79AFF1A0707170001BF1B /* CountWords.cpp */; };
		44D79B021A0813510001BF1B /* MaxSubMatrix.cpp in Sources */ = {isa = PBXBuildFile; fileRef = 44D79B011A0813510001BF1B /* MaxSubMatrix.cpp */; };
/* End PBXBuildFile section */

/* Begin PBXCopyFilesBuildPhase section */
		448E4B971995885B001C72CE /* CopyFiles */ = {
			isa = PBXCopyFilesBuildPhase;
			buildActionMask = 2147483647;
			dstPath = /usr/share/man/man1/;
			dstSubfolderSpec = 0;
			files = (
			);
			runOnlyForDeploymentPostprocessing = 1;
		};
/* End PBXCopyFilesBuildPhase section */

/* Begin PBXFileReference section */
		445A52751995897B00491393 /* NDistinct.cpp */ = {isa = PBXFileReference; fileEncoding = 4; lastKnownFileType = sourcecode.cpp.cpp; path = NDistinct.cpp; sourceTree = "<group>"; };
		445A52761995897B00491393 /* NDistinct.h */ = {isa = PBXFileReference; fileEncoding = 4; lastKnownFileType = sourcecode.c.h; path = NDistinct.h; sourceTree = "<group>"; };
		445A527819958AEC00491393 /* RainWater.cpp */ = {isa = PBXFileReference; fileEncoding = 4; lastKnownFileType = sourcecode.cpp.cpp; path = RainWater.cpp; sourceTree = "<group>"; };
		445A527919958AEC00491393 /* RainWater.h */ = {isa = PBXFileReference; fileEncoding = 4; lastKnownFileType = sourcecode.c.h; path = RainWater.h; sourceTree = "<group>"; };
		44722F7119ACFBF7000ADA4D /* PrintDiag.cpp */ = {isa = PBXFileReference; fileEncoding = 4; lastKnownFileType = sourcecode.cpp.cpp; path = PrintDiag.cpp; sourceTree = "<group>"; };
		44722F7219ACFBF7000ADA4D /* PrintDiag.h */ = {isa = PBXFileReference; fileEncoding = 4; lastKnownFileType = sourcecode.c.h; path = PrintDiag.h; sourceTree = "<group>"; };
		44722F7419AD2EDB000ADA4D /* Parenthesis.cpp */ = {isa = PBXFileReference; fileEncoding = 4; lastKnownFileType = sourcecode.cpp.cpp; path = Parenthesis.cpp; sourceTree = "<group>"; };
		44722F7519AD2EDB000ADA4D /* Parenthesis.h */ = {isa = PBXFileReference; fileEncoding = 4; lastKnownFileType = sourcecode.c.h; path = Parenthesis.h; sourceTree = "<group>"; };
		448E4B991995885B001C72CE /* algorithms */ = {isa = PBXFileReference; explicitFileType = "compiled.mach-o.executable"; includeInIndex = 0; path = algorithms; sourceTree = BUILT_PRODUCTS_DIR; };
		448E4B9C1995885B001C72CE /* main.cpp */ = {isa = PBXFileReference; lastKnownFileType = sourcecode.cpp.cpp; path = main.cpp; sourceTree = "<group>"; };
		44A99FAD19F9AFBE000314DA /* painters2.cpp */ = {isa = PBXFileReference; fileEncoding = 4; lastKnownFileType = sourcecode.cpp.cpp; path = painters2.cpp; sourceTree = "<group>"; };
		44A99FAF1A0001EF000314DA /* MedianOf2.cpp */ = {isa = PBXFileReference; fileEncoding = 4; lastKnownFileType = sourcecode.cpp.cpp; path = MedianOf2.cpp; sourceTree = "<group>"; };
		44AA003B1A118866004DEE20 /* LongestIncSeq.cpp */ = {isa = PBXFileReference; fileEncoding = 4; lastKnownFileType = sourcecode.cpp.cpp; path = LongestIncSeq.cpp; sourceTree = "<group>"; };
		44AA003D1A1192D1004DEE20 /* GameOfLife.cpp */ = {isa = PBXFileReference; fileEncoding = 4; lastKnownFileType = sourcecode.cpp.cpp; path = GameOfLife.cpp; sourceTree = "<group>"; };
		44AA003F1A119B71004DEE20 /* triplets.cpp */ = {isa = PBXFileReference; fileEncoding = 4; lastKnownFileType = sourcecode.cpp.cpp; path = triplets.cpp; sourceTree = "<group>"; };
		44AA00411A12966A004DEE20 /* MaxCommonSubString.cpp */ = {isa = PBXFileReference; fileEncoding = 4; lastKnownFileType = sourcecode.cpp.cpp; path = MaxCommonSubString.cpp; sourceTree = "<group>"; };
		44AA00431A12BD8D004DEE20 /* PathBetweenTwoWords.cpp */ = {isa = PBXFileReference; fileEncoding = 4; lastKnownFileType = sourcecode.cpp.cpp; path = PathBetweenTwoWords.cpp; sourceTree = "<group>"; };
		44AA00451A12EABB004DEE20 /* RangeOfDups.cpp */ = {isa = PBXFileReference; fileEncoding = 4; lastKnownFileType = sourcecode.cpp.cpp; path = RangeOfDups.cpp; sourceTree = "<group>"; };
		44B0290719B6675E003DFA84 /* Pegs.cpp */ = {isa = PBXFileReference; fileEncoding = 4; lastKnownFileType = sourcecode.cpp.cpp; path = Pegs.cpp; sourceTree = "<group>"; };
		44B0290819B6675E003DFA84 /* Pegs.h */ = {isa = PBXFileReference; fileEncoding = 4; lastKnownFileType = sourcecode.c.h; path = Pegs.h; sourceTree = "<group>"; };
		44B0290A19BE1745003DFA84 /* MergeBST.cpp */ = {isa = PBXFileReference; fileEncoding = 4; lastKnownFileType = sourcecode.cpp.cpp; path = MergeBST.cpp; sourceTree = "<group>"; };
		44B0290B19BE1745003DFA84 /* MergeBST.h */ = {isa = PBXFileReference; fileEncoding = 4; lastKnownFileType = sourcecode.c.h; path = MergeBST.h; sourceTree = "<group>"; };
		44B25EAB19BE4FB000554C90 /* Coins.cpp */ = {isa = PBXFileReference; fileEncoding = 4; lastKnownFileType = sourcecode.cpp.cpp; path = Coins.cpp; sourceTree = "<group>"; };
		44B25EAC19BE4FB000554C90 /* Coins.h */ = {isa = PBXFileReference; fileEncoding = 4; lastKnownFileType = sourcecode.c.h; path = Coins.h; sourceTree = "<group>"; };
		44B25EAE19BE70BB00554C90 /* LargestBST.cpp */ = {isa = PBXFileReference; fileEncoding = 4; lastKnownFileType = sourcecode.cpp.cpp; path = LargestBST.cpp; sourceTree = "<group>"; };
		44B25EAF19BE70BB00554C90 /* LargestBST.h */ = {isa = PBXFileReference; fileEncoding = 4; lastKnownFileType = sourcecode.c.h; path = LargestBST.h; sourceTree = "<group>"; };
		44CDEECD19C0B9F30091605A /* MaxGapIncr.cpp */ = {isa = PBXFileReference; fileEncoding = 4; lastKnownFileType = sourcecode.cpp.cpp; path = MaxGapIncr.cpp; sourceTree = "<group>"; };
		44CDEECE19C0B9F30091605A /* MaxGapIncr.h */ = {isa = PBXFileReference; fileEncoding = 4; lastKnownFileType = sourcecode.c.h; path = MaxGapIncr.h; sourceTree = "<group>"; };
		44CDEED019C767CA0091605A /* Maze.cpp */ = {isa = PBXFileReference; fileEncoding = 4; lastKnownFileType = sourcecode.cpp.cpp; path = Maze.cpp; sourceTree = "<group>"; };
		44CDEED119C767CA0091605A /* Maze.h */ = {isa = PBXFileReference; fileEncoding = 4; lastKnownFileType = sourcecode.c.h; path = Maze.h; sourceTree = "<group>"; };
		44CDEED319C7891A0091605A /* BiTreeEdges.cpp */ = {isa = PBXFileReference; fileEncoding = 4; lastKnownFileType = sourcecode.cpp.cpp; path = BiTreeEdges.cpp; sourceTree = "<group>"; };
		44CDEED419C7891A0091605A /* BiTreeEdges.h */ = {isa = PBXFileReference; fileEncoding = 4; lastKnownFileType = sourcecode.c.h; path = BiTreeEdges.h; sourceTree = "<group>"; };
		44CDEED619CB989C0091605A /* CloneGraph.cpp */ = {isa = PBXFileReference; fileEncoding = 4; lastKnownFileType = sourcecode.cpp.cpp; path = CloneGraph.cpp; sourceTree = "<group>"; };
		44CDEED719CB989C0091605A /* CloneGraph.h */ = {isa = PBXFileReference; fileEncoding = 4; lastKnownFileType = sourcecode.c.h; path = CloneGraph.h; sourceTree = "<group>"; };
		44D583F219CCDBF1005A6CFD /* test.cpp */ = {isa = PBXFileReference; fileEncoding = 4; lastKnownFileType = sourcecode.cpp.cpp; path = test.cpp; sourceTree = "<group>"; };
		44D583F419CCF856005A6CFD /* Painter.cpp */ = {isa = PBXFileReference; fileEncoding = 4; lastKnownFileType = sourcecode.cpp.cpp; path = Painter.cpp; sourceTree = "<group>"; };
		44D79AF31A01680B0001BF1B /* IsRepeated.cpp */ = {isa = PBXFileReference; fileEncoding = 4; lastKnownFileType = sourcecode.cpp.cpp; path = IsRepeated.cpp; sourceTree = "<group>"; };
		44D79AF51A02C3BF0001BF1B /* NextBiggerNode.cpp */ = {isa = PBXFileReference; fileEncoding = 4; lastKnownFileType = sourcecode.cpp.cpp; path = NextBiggerNode.cpp; sourceTree = "<group>"; };
		44D79AF71A040D980001BF1B /* SlideWinMax.cpp */ = {isa = PBXFileReference; fileEncoding = 4; lastKnownFileType = sourcecode.cpp.cpp; path = SlideWinMax.cpp; sourceTree = "<group>"; };
		44D79AF91A05A9780001BF1B /* RotateArray.cpp */ = {isa = PBXFileReference; fileEncoding = 4; lastKnownFileType = sourcecode.cpp.cpp; path = RotateArray.cpp; sourceTree = "<group>"; };
		44D79AFB1A06D5760001BF1B /* IntersectSortedArrays.cpp */ = {isa = PBXFileReference; fileEncoding = 4; lastKnownFileType = sourcecode.cpp.cpp; path = IntersectSortedArrays.cpp; sourceTree = "<group>"; };
		44D79AFD1A06FBF50001BF1B /* BiTreeNodeNext.cpp */ = {isa = PBXFileReference; fileEncoding = 4; lastKnownFileType = sourcecode.cpp.cpp; path = BiTreeNodeNext.cpp; sourceTree = "<group>"; };
		44D79AFF1A0707170001BF1B /* CountWords.cpp */ = {isa = PBXFileReference; fileEncoding = 4; lastKnownFileType = sourcecode.cpp.cpp; path = CountWords.cpp; sourceTree = "<group>"; };
		44D79B011A0813510001BF1B /* MaxSubMatrix.cpp */ = {isa = PBXFileReference; fileEncoding = 4; lastKnownFileType = sourcecode.cpp.cpp; path = MaxSubMatrix.cpp; sourceTree = "<group>"; };
/* End PBXFileReference section */

/* Begin PBXFrameworksBuildPhase section */
		448E4B961995885B001C72CE /* Frameworks */ = {
			isa = PBXFrameworksBuildPhase;
			buildActionMask = 2147483647;
			files = (
			);
			runOnlyForDeploymentPostprocessing = 0;
		};
/* End PBXFrameworksBuildPhase section */

/* Begin PBXGroup section */
		448E4B901995885B001C72CE = {
			isa = PBXGroup;
			children = (
				448E4B9B1995885B001C72CE /* algorithms */,
				448E4B9A1995885B001C72CE /* Products */,
			);
			sourceTree = "<group>";
		};
		448E4B9A1995885B001C72CE /* Products */ = {
			isa = PBXGroup;
			children = (
				448E4B991995885B001C72CE /* algorithms */,
			);
			name = Products;
			sourceTree = "<group>";
		};
		448E4B9B1995885B001C72CE /* algorithms */ = {
			isa = PBXGroup;
			children = (
				44AA003F1A119B71004DEE20 /* triplets.cpp */,
				448E4B9C1995885B001C72CE /* main.cpp */,
				445A52751995897B00491393 /* NDistinct.cpp */,
				445A52761995897B00491393 /* NDistinct.h */,
				445A527819958AEC00491393 /* RainWater.cpp */,
				445A527919958AEC00491393 /* RainWater.h */,
				44722F7119ACFBF7000ADA4D /* PrintDiag.cpp */,
				44722F7219ACFBF7000ADA4D /* PrintDiag.h */,
				44722F7419AD2EDB000ADA4D /* Parenthesis.cpp */,
				44722F7519AD2EDB000ADA4D /* Parenthesis.h */,
				44B0290719B6675E003DFA84 /* Pegs.cpp */,
				44B0290819B6675E003DFA84 /* Pegs.h */,
				44B0290A19BE1745003DFA84 /* MergeBST.cpp */,
				44B0290B19BE1745003DFA84 /* MergeBST.h */,
				44B25EAB19BE4FB000554C90 /* Coins.cpp */,
				44B25EAC19BE4FB000554C90 /* Coins.h */,
				44B25EAE19BE70BB00554C90 /* LargestBST.cpp */,
				44B25EAF19BE70BB00554C90 /* LargestBST.h */,
				44CDEECD19C0B9F30091605A /* MaxGapIncr.cpp */,
				44CDEECE19C0B9F30091605A /* MaxGapIncr.h */,
				44CDEED019C767CA0091605A /* Maze.cpp */,
				44CDEED119C767CA0091605A /* Maze.h */,
				44CDEED319C7891A0091605A /* BiTreeEdges.cpp */,
				44CDEED419C7891A0091605A /* BiTreeEdges.h */,
				44CDEED619CB989C0091605A /* CloneGraph.cpp */,
				44CDEED719CB989C0091605A /* CloneGraph.h */,
				44D583F219CCDBF1005A6CFD /* test.cpp */,
				44D583F419CCF856005A6CFD /* Painter.cpp */,
				44A99FAD19F9AFBE000314DA /* painters2.cpp */,
				44A99FAF1A0001EF000314DA /* MedianOf2.cpp */,
				44D79AF31A01680B0001BF1B /* IsRepeated.cpp */,
				44D79AF51A02C3BF0001BF1B /* NextBiggerNode.cpp */,
				44D79AF71A040D980001BF1B /* SlideWinMax.cpp */,
				44D79AF91A05A9780001BF1B /* RotateArray.cpp */,
				44D79AFB1A06D5760001BF1B /* IntersectSortedArrays.cpp */,
				44D79AFD1A06FBF50001BF1B /* BiTreeNodeNext.cpp */,
				44D79AFF1A0707170001BF1B /* CountWords.cpp */,
				44D79B011A0813510001BF1B /* MaxSubMatrix.cpp */,
				44AA003B1A118866004DEE20 /* LongestIncSeq.cpp */,
				44AA003D1A1192D1004DEE20 /* GameOfLife.cpp */,
				44AA00411A12966A004DEE20 /* MaxCommonSubString.cpp */,
				44AA00431A12BD8D004DEE20 /* PathBetweenTwoWords.cpp */,
				44AA00451A12EABB004DEE20 /* RangeOfDups.cpp */,
			);
			path = algorithms;
			sourceTree = "<group>";
		};
/* End PBXGroup section */

/* Begin PBXNativeTarget section */
		448E4B981995885B001C72CE /* algorithms */ = {
			isa = PBXNativeTarget;
			buildConfigurationList = 448E4BA21995885B001C72CE /* Build configuration list for PBXNativeTarget "algorithms" */;
			buildPhases = (
				448E4B951995885B001C72CE /* Sources */,
				448E4B961995885B001C72CE /* Frameworks */,
				448E4B971995885B001C72CE /* CopyFiles */,
			);
			buildRules = (
			);
			dependencies = (
			);
			name = algorithms;
			productName = algorithms;
			productReference = 448E4B991995885B001C72CE /* algorithms */;
			productType = "com.apple.product-type.tool";
		};
/* End PBXNativeTarget section */

/* Begin PBXProject section */
		448E4B911995885B001C72CE /* Project object */ = {
			isa = PBXProject;
			attributes = {
				LastUpgradeCheck = 0510;
				ORGANIZATIONNAME = "WENTAO INC.";
			};
			buildConfigurationList = 448E4B941995885B001C72CE /* Build configuration list for PBXProject "algorithms" */;
			compatibilityVersion = "Xcode 3.2";
			developmentRegion = English;
			hasScannedForEncodings = 0;
			knownRegions = (
				en,
			);
			mainGroup = 448E4B901995885B001C72CE;
			productRefGroup = 448E4B9A1995885B001C72CE /* Products */;
			projectDirPath = "";
			projectRoot = "";
			targets = (
				448E4B981995885B001C72CE /* algorithms */,
			);
		};
/* End PBXProject section */

/* Begin PBXSourcesBuildPhase section */
		448E4B951995885B001C72CE /* Sources */ = {
			isa = PBXSourcesBuildPhase;
			buildActionMask = 2147483647;
			files = (
				44AA00401A119B71004DEE20 /* triplets.cpp in Sources */,
				44722F7319ACFBF7000ADA4D /* PrintDiag.cpp in Sources */,
				445A527A19958AEC00491393 /* RainWater.cpp in Sources */,
				44D79AFE1A06FBF50001BF1B /* BiTreeNodeNext.cpp in Sources */,
				44CDEECF19C0B9F30091605A /* MaxGapIncr.cpp in Sources */,
				44AA003C1A118866004DEE20 /* LongestIncSeq.cpp in Sources */,
				44D79AF61A02C3BF0001BF1B /* NextBiggerNode.cpp in Sources */,
				44CDEED819CB989C0091605A /* CloneGraph.cpp in Sources */,
				44CDEED519C7891A0091605A /* BiTreeEdges.cpp in Sources */,
				445A52771995897B00491393 /* NDistinct.cpp in Sources */,
				44AA003E1A1192D1004DEE20 /* GameOfLife.cpp in Sources */,
				44AA00421A12966A004DEE20 /* MaxCommonSubString.cpp in Sources */,
				44D79B001A0707170001BF1B /* CountWords.cpp in Sources */,
				44D79AF41A01680B0001BF1B /* IsRepeated.cpp in Sources */,
				448E4B9D1995885B001C72CE /* main.cpp in Sources */,
				44D79AF81A040D980001BF1B /* SlideWinMax.cpp in Sources */,
				44D583F319CCDBF1005A6CFD /* test.cpp in Sources */,
				44A99FAE19F9AFBE000314DA /* painters2.cpp in Sources */,
				44D79AFC1A06D5760001BF1B /* IntersectSortedArrays.cpp in Sources */,
				44CDEED219C767CA0091605A /* Maze.cpp in Sources */,
				44D79AFA1A05A9780001BF1B /* RotateArray.cpp in Sources */,
				44B0290919B6675E003DFA84 /* Pegs.cpp in Sources */,
				44AA00441A12BD8D004DEE20 /* PathBetweenTwoWords.cpp in Sources */,
				44B0290C19BE1745003DFA84 /* MergeBST.cpp in Sources */,
				44D79B021A0813510001BF1B /* MaxSubMatrix.cpp in Sources */,
				44A99FB01A0001EF000314DA /* MedianOf2.cpp in Sources */,
				44B25EAD19BE4FB000554C90 /* Coins.cpp in Sources */,
				44B25EB019BE70BB00554C90 /* LargestBST.cpp in Sources */,
				44722F7619AD2EDB000ADA4D /* Parenthesis.cpp in Sources */,
				44AA00461A12EABB004DEE20 /* RangeOfDups.cpp in Sources */,
				44D583F519CCF856005A6CFD /* Painter.cpp in Sources */,
			);
			runOnlyForDeploymentPostprocessing = 0;
		};
/* End PBXSourcesBuildPhase section */

/* Begin XCBuildConfiguration section */
		448E4BA01995885B001C72CE /* Debug */ = {
			isa = XCBuildConfiguration;
			buildSettings = {
				ALWAYS_SEARCH_USER_PATHS = NO;
				CLANG_CXX_LANGUAGE_STANDARD = "gnu++0x";
				CLANG_CXX_LIBRARY = "libc++";
				CLANG_ENABLE_MODULES = YES;
				CLANG_ENABLE_OBJC_ARC = YES;
				CLANG_WARN_BOOL_CONVERSION = YES;
				CLANG_WARN_CONSTANT_CONVERSION = YES;
				CLANG_WARN_DIRECT_OBJC_ISA_USAGE = YES_ERROR;
				CLANG_WARN_EMPTY_BODY = YES;
				CLANG_WARN_ENUM_CONVERSION = YES;
				CLANG_WARN_INT_CONVERSION = YES;
				CLANG_WARN_OBJC_ROOT_CLASS = YES_ERROR;
				CLANG_WARN__DUPLICATE_METHOD_MATCH = YES;
				COPY_PHASE_STRIP = NO;
				GCC_C_LANGUAGE_STANDARD = gnu99;
				GCC_DYNAMIC_NO_PIC = NO;
				GCC_ENABLE_OBJC_EXCEPTIONS = YES;
				GCC_OPTIMIZATION_LEVEL = 0;
				GCC_PREPROCESSOR_DEFINITIONS = (
					"DEBUG=1",
					"$(inherited)",
				);
				GCC_SYMBOLS_PRIVATE_EXTERN = NO;
				GCC_WARN_64_TO_32_BIT_CONVERSION = YES;
				GCC_WARN_ABOUT_RETURN_TYPE = YES_ERROR;
				GCC_WARN_UNDECLARED_SELECTOR = YES;
				GCC_WARN_UNINITIALIZED_AUTOS = YES_AGGRESSIVE;
				GCC_WARN_UNUSED_FUNCTION = YES;
				GCC_WARN_UNUSED_VARIABLE = YES;
				MACOSX_DEPLOYMENT_TARGET = 10.9;
				ONLY_ACTIVE_ARCH = YES;
				SDKROOT = macosx;
			};
			name = Debug;
		};
		448E4BA11995885B001C72CE /* Release */ = {
			isa = XCBuildConfiguration;
			buildSettings = {
				ALWAYS_SEARCH_USER_PATHS = NO;
				CLANG_CXX_LANGUAGE_STANDARD = "gnu++0x";
				CLANG_CXX_LIBRARY = "libc++";
				CLANG_ENABLE_MODULES = YES;
				CLANG_ENABLE_OBJC_ARC = YES;
				CLANG_WARN_BOOL_CONVERSION = YES;
				CLANG_WARN_CONSTANT_CONVERSION = YES;
				CLANG_WARN_DIRECT_OBJC_ISA_USAGE = YES_ERROR;
				CLANG_WARN_EMPTY_BODY = YES;
				CLANG_WARN_ENUM_CONVERSION = YES;
				CLANG_WARN_INT_CONVERSION = YES;
				CLANG_WARN_OBJC_ROOT_CLASS = YES_ERROR;
				CLANG_WARN__DUPLICATE_METHOD_MATCH = YES;
				COPY_PHASE_STRIP = YES;
				DEBUG_INFORMATION_FORMAT = "dwarf-with-dsym";
				ENABLE_NS_ASSERTIONS = NO;
				GCC_C_LANGUAGE_STANDARD = gnu99;
				GCC_ENABLE_OBJC_EXCEPTIONS = YES;
				GCC_WARN_64_TO_32_BIT_CONVERSION = YES;
				GCC_WARN_ABOUT_RETURN_TYPE = YES_ERROR;
				GCC_WARN_UNDECLARED_SELECTOR = YES;
				GCC_WARN_UNINITIALIZED_AUTOS = YES_AGGRESSIVE;
				GCC_WARN_UNUSED_FUNCTION = YES;
				GCC_WARN_UNUSED_VARIABLE = YES;
				MACOSX_DEPLOYMENT_TARGET = 10.9;
				SDKROOT = macosx;
			};
			name = Release;
		};
		448E4BA31995885B001C72CE /* Debug */ = {
			isa = XCBuildConfiguration;
			buildSettings = {
				PRODUCT_NAME = "$(TARGET_NAME)";
			};
			name = Debug;
		};
		448E4BA41995885B001C72CE /* Release */ = {
			isa = XCBuildConfiguration;
			buildSettings = {
				PRODUCT_NAME = "$(TARGET_NAME)";
			};
			name = Release;
		};
/* End XCBuildConfiguration section */

/* Begin XCConfigurationList section */
		448E4B941995885B001C72CE /* Build configuration list for PBXProject "algorithms" */ = {
			isa = XCConfigurationList;
			buildConfigurations = (
				448E4BA01995885B001C72CE /* Debug */,
				448E4BA11995885B001C72CE /* Release */,
			);
			defaultConfigurationIsVisible = 0;
			defaultConfigurationName = Release;
		};
		448E4BA21995885B001C72CE /* Build configuration list for PBXNativeTarget "algorithms" */ = {
			isa = XCConfigurationList;
			buildConfigurations = (
				448E4BA31995885B001C72CE /* Debug */,
				448E4BA41995885B001C72CE /* Release */,
			);
			defaultConfigurationIsVisible = 0;
			defaultConfigurationName = Release;
		};
/* End XCConfigurationList section */
	};
	rootObject = 448E4B911995885B001C72CE /* Project object */;
}
